{
  "R": {
    "Version": "4.2.1",
    "Repositories": [
      {
        "Name": "CRAN",
        "URL": "https://cran.rstudio.com"
      }
    ]
  },
  "Packages": {
    "tidyverse": {
      "Package": "tidyverse",
      "Version": "1.3.2",
      "Source": "Repository",
      "Repository": "CRAN",
      "Hash": "972389aea7fa1a34739054a810d0c6f6",
      "Requirements": [
        "broom",
        "cli",
        "crayon",
        "dbplyr",
        "dplyr",
        "dtplyr",
        "forcats",
        "ggplot2",
        "googledrive",
        "googlesheets4",
        "haven",
        "hms",
        "httr",
        "jsonlite",
        "lubridate",
        "magrittr",
        "modelr",
        "pillar",
        "purrr",
        "readr",
        "readxl",
        "reprex",
        "rlang",
        "rstudioapi",
        "rvest",
        "stringr",
        "tibble",
        "tidyr",
        "xml2"
      ]
    }
  }
}
